# This file is automatically @generated by Cargo.
# It is not intended for manual editing.
version = 4

[[package]]
name = "call-api"
version = "0.1.0"
dependencies = [
 "call-core",
 "sip-dialog",
 "sip-types",
]

[[package]]
name = "call-core"
version = "0.1.0"

[[package]]
name = "dtmf"
version = "0.1.0"

[[package]]
name = "media-core"
version = "0.1.0"
dependencies = [
 "rtp",
]

[[package]]
name = "rtcp"
version = "0.1.0"

[[package]]
name = "rtp"
version = "0.1.0"

[[package]]
name = "sdp"
version = "0.1.0"

[[package]]
name = "sip-dialog"
version = "0.1.0"
dependencies = [
 "sip-types",
]

[[package]]
name = "sip-parser"
version = "0.1.0"
dependencies = [
 "sip-types",
]

[[package]]
name = "sip-transaction"
version = "0.1.0"
dependencies = [
 "sip-types",
]

[[package]]
name = "sip-transport"
version = "0.1.0"
dependencies = [
 "sip-parser",
 "sip-types",
]

[[package]]
name = "sip-types"
version = "0.1.0"
