# This file is automatically @generated by Cargo.
# It is not intended for manual editing.
version = 4

[[package]]
name = "call-api"
version = "0.1.0"
dependencies = [
 "call-core",
 "sdp",
 "sip-dialog",
 "sip-types",
]

[[package]]
name = "call-core"
version = "0.1.0"

[[package]]
name = "call-engine"
version = "0.1.0"
dependencies = [
 "call-api",
 "call-core",
 "sdp",
 "sip-dialog",
 "sip-transaction",
 "sip-types",
]

[[package]]
name = "call-runtime"
version = "0.1.0"
dependencies = [
 "call-api",
 "call-core",
 "call-engine",
 "sip-parser",
 "sip-security",
 "sip-transaction",
 "sip-transport",
 "sip-types",
]

[[package]]
name = "dtmf"
version = "0.1.0"

[[package]]
name = "md5"
version = "0.7.0"
source = "registry+https://github.com/rust-lang/crates.io-index"
checksum = "490cc448043f947bae3cbee9c203358d62dbee0db12107a74be5c30ccfd09771"

[[package]]
name = "media-core"
version = "0.1.0"
dependencies = [
 "dtmf",
 "rtcp",
 "rtp",
 "sip-security",
]

[[package]]
name = "media-runtime"
version = "0.1.0"
dependencies = [
 "dtmf",
 "media-core",
 "rtcp",
 "rtp",
 "sip-security",
]

[[package]]
name = "media-websocket"
version = "0.1.0"
dependencies = [
 "media-core",
 "rtp",
]

[[package]]
name = "provider-routing"
version = "0.1.0"
dependencies = [
 "sip-auth",
]

[[package]]
name = "rtcp"
version = "0.1.0"
dependencies = [
 "sip-security",
]

[[package]]
name = "rtp"
version = "0.1.0"
dependencies = [
 "sip-security",
]

[[package]]
name = "scenario-replay"
version = "0.1.0"
dependencies = [
 "call-api",
 "call-core",
 "call-engine",
 "media-core",
 "rtp",
 "sip-parser",
 "sip-transaction",
 "sip-types",
]

[[package]]
name = "sdp"
version = "0.1.0"

[[package]]
name = "sip-auth"
version = "0.1.0"
dependencies = [
 "md5",
]

[[package]]
name = "sip-dialog"
version = "0.1.0"
dependencies = [
 "sip-types",
]

[[package]]
name = "sip-parser"
version = "0.1.0"
dependencies = [
 "sip-types",
]

[[package]]
name = "sip-security"
version = "0.1.0"

[[package]]
name = "sip-transaction"
version = "0.1.0"
dependencies = [
 "sip-types",
]

[[package]]
name = "sip-transport"
version = "0.1.0"
dependencies = [
 "sip-parser",
 "sip-types",
]

[[package]]
name = "sip-types"
version = "0.1.0"
